// !$*UTF8*$!
{
	archiveVersion = 1;
	classes = {
	};
	objectVersion = 50;
	objects = {

/* Begin PBXBuildFile section */
		FBCCF73B23B7D7B9006AFF8A /* AppDelegate.swift in Sources */ = {isa = PBXBuildFile; fileRef = FBCCF73A23B7D7B9006AFF8A /* AppDelegate.swift */; };
		FBCCF73D23B7D7B9006AFF8A /* SceneDelegate.swift in Sources */ = {isa = PBXBuildFile; fileRef = FBCCF73C23B7D7B9006AFF8A /* SceneDelegate.swift */; };
		FBCCF74223B7D7B9006AFF8A /* Main.storyboard in Resources */ = {isa = PBXBuildFile; fileRef = FBCCF74023B7D7B9006AFF8A /* Main.storyboard */; };
		FBCCF74523B7D7B9006AFF8A /* ProximityReminders.xcdatamodeld in Sources */ = {isa = PBXBuildFile; fileRef = FBCCF74323B7D7B9006AFF8A /* ProximityReminders.xcdatamodeld */; };
		FBCCF74723B7D7BA006AFF8A /* Assets.xcassets in Resources */ = {isa = PBXBuildFile; fileRef = FBCCF74623B7D7BA006AFF8A /* Assets.xcassets */; };
		FBCCF74A23B7D7BA006AFF8A /* LaunchScreen.storyboard in Resources */ = {isa = PBXBuildFile; fileRef = FBCCF74823B7D7BA006AFF8A /* LaunchScreen.storyboard */; };
		FBCCF75523B7DEFB006AFF8A /* RemindersViewController.swift in Sources */ = {isa = PBXBuildFile; fileRef = FBCCF75423B7DEFB006AFF8A /* RemindersViewController.swift */; };
		FBCCF75723B7DF6B006AFF8A /* CoreDataStack.swift in Sources */ = {isa = PBXBuildFile; fileRef = FBCCF75623B7DF6B006AFF8A /* CoreDataStack.swift */; };
/* End PBXBuildFile section */

/* Begin PBXFileReference section */
		FBCCF73723B7D7B9006AFF8A /* ProximityReminders.app */ = {isa = PBXFileReference; explicitFileType = wrapper.application; includeInIndex = 0; path = ProximityReminders.app; sourceTree = BUILT_PRODUCTS_DIR; };
		FBCCF73A23B7D7B9006AFF8A /* AppDelegate.swift */ = {isa = PBXFileReference; lastKnownFileType = sourcecode.swift; path = AppDelegate.swift; sourceTree = "<group>"; };
		FBCCF73C23B7D7B9006AFF8A /* SceneDelegate.swift */ = {isa = PBXFileReference; lastKnownFileType = sourcecode.swift; path = SceneDelegate.swift; sourceTree = "<group>"; };
		FBCCF74123B7D7B9006AFF8A /* Base */ = {isa = PBXFileReference; lastKnownFileType = file.storyboard; name = Base; path = Base.lproj/Main.storyboard; sourceTree = "<group>"; };
		FBCCF74423B7D7B9006AFF8A /* ProximityReminders.xcdatamodel */ = {isa = PBXFileReference; lastKnownFileType = wrapper.xcdatamodel; path = ProximityReminders.xcdatamodel; sourceTree = "<group>"; };
		FBCCF74623B7D7BA006AFF8A /* Assets.xcassets */ = {isa = PBXFileReference; lastKnownFileType = folder.assetcatalog; path = Assets.xcassets; sourceTree = "<group>"; };
		FBCCF74923B7D7BA006AFF8A /* Base */ = {isa = PBXFileReference; lastKnownFileType = file.storyboard; name = Base; path = Base.lproj/LaunchScreen.storyboard; sourceTree = "<group>"; };
		FBCCF74B23B7D7BA006AFF8A /* Info.plist */ = {isa = PBXFileReference; lastKnownFileType = text.plist.xml; path = Info.plist; sourceTree = "<group>"; };
		FBCCF75423B7DEFB006AFF8A /* RemindersViewController.swift */ = {isa = PBXFileReference; lastKnownFileType = sourcecode.swift; path = RemindersViewController.swift; sourceTree = "<group>"; };
		FBCCF75623B7DF6B006AFF8A /* CoreDataStack.swift */ = {isa = PBXFileReference; lastKnownFileType = sourcecode.swift; path = CoreDataStack.swift; sourceTree = "<group>"; };
/* End PBXFileReference section */

/* Begin PBXFrameworksBuildPhase section */
		FBCCF73423B7D7B9006AFF8A /* Frameworks */ = {
			isa = PBXFrameworksBuildPhase;
			buildActionMask = 2147483647;
			files = (
			);
			runOnlyForDeploymentPostprocessing = 0;
		};
/* End PBXFrameworksBuildPhase section */

/* Begin PBXGroup section */
		FBCCF72E23B7D7B9006AFF8A = {
			isa = PBXGroup;
			children = (
				FBCCF73923B7D7B9006AFF8A /* ProximityReminders */,
				FBCCF73823B7D7B9006AFF8A /* Products */,
			);
			sourceTree = "<group>";
		};
		FBCCF73823B7D7B9006AFF8A /* Products */ = {
			isa = PBXGroup;
			children = (
				FBCCF73723B7D7B9006AFF8A /* ProximityReminders.app */,
			);
			name = Products;
			sourceTree = "<group>";
		};
		FBCCF73923B7D7B9006AFF8A /* ProximityReminders */ = {
			isa = PBXGroup;
			children = (
				FBCCF75123B7D865006AFF8A /* Model */,
				FBCCF75223B7D86D006AFF8A /* View */,
				FBCCF75323B7D877006AFF8A /* Controller */,
				FBCCF73A23B7D7B9006AFF8A /* AppDelegate.swift */,
				FBCCF73C23B7D7B9006AFF8A /* SceneDelegate.swift */,
				FBCCF74623B7D7BA006AFF8A /* Assets.xcassets */,
				FBCCF74823B7D7BA006AFF8A /* LaunchScreen.storyboard */,
				FBCCF74B23B7D7BA006AFF8A /* Info.plist */,
			);
			path = ProximityReminders;
			sourceTree = "<group>";
		};
		FBCCF75123B7D865006AFF8A /* Model */ = {
			isa = PBXGroup;
			children = (
				FBCCF74323B7D7B9006AFF8A /* ProximityReminders.xcdatamodeld */,
				FBCCF75623B7DF6B006AFF8A /* CoreDataStack.swift */,
			);
			path = Model;
			sourceTree = "<group>";
		};
		FBCCF75223B7D86D006AFF8A /* View */ = {
			isa = PBXGroup;
			children = (
				FBCCF74023B7D7B9006AFF8A /* Main.storyboard */,
			);
			path = View;
			sourceTree = "<group>";
		};
		FBCCF75323B7D877006AFF8A /* Controller */ = {
			isa = PBXGroup;
			children = (
				FBCCF75423B7DEFB006AFF8A /* RemindersViewController.swift */,
			);
			path = Controller;
			sourceTree = "<group>";
		};
/* End PBXGroup section */

/* Begin PBXNativeTarget section */
		FBCCF73623B7D7B9006AFF8A /* ProximityReminders */ = {
			isa = PBXNativeTarget;
			buildConfigurationList = FBCCF74E23B7D7BA006AFF8A /* Build configuration list for PBXNativeTarget "ProximityReminders" */;
			buildPhases = (
				FBCCF73323B7D7B9006AFF8A /* Sources */,
				FBCCF73423B7D7B9006AFF8A /* Frameworks */,
				FBCCF73523B7D7B9006AFF8A /* Resources */,
			);
			buildRules = (
			);
			dependencies = (
			);
			name = ProximityReminders;
			productName = ProximityReminders;
			productReference = FBCCF73723B7D7B9006AFF8A /* ProximityReminders.app */;
			productType = "com.apple.product-type.application";
		};
/* End PBXNativeTarget section */

/* Begin PBXProject section */
		FBCCF72F23B7D7B9006AFF8A /* Project object */ = {
			isa = PBXProject;
			attributes = {
				LastSwiftUpdateCheck = 1130;
				LastUpgradeCheck = 1130;
				ORGANIZATIONNAME = "Andrew Graves";
				TargetAttributes = {
					FBCCF73623B7D7B9006AFF8A = {
						CreatedOnToolsVersion = 11.3;
					};
				};
			};
			buildConfigurationList = FBCCF73223B7D7B9006AFF8A /* Build configuration list for PBXProject "ProximityReminders" */;
			compatibilityVersion = "Xcode 9.3";
			developmentRegion = en;
			hasScannedForEncodings = 0;
			knownRegions = (
				en,
				Base,
			);
			mainGroup = FBCCF72E23B7D7B9006AFF8A;
			productRefGroup = FBCCF73823B7D7B9006AFF8A /* Products */;
			projectDirPath = "";
			projectRoot = "";
			targets = (
				FBCCF73623B7D7B9006AFF8A /* ProximityReminders */,
			);
		};
/* End PBXProject section */

/* Begin PBXResourcesBuildPhase section */
		FBCCF73523B7D7B9006AFF8A /* Resources */ = {
			isa = PBXResourcesBuildPhase;
			buildActionMask = 2147483647;
			files = (
				FBCCF74A23B7D7BA006AFF8A /* LaunchScreen.storyboard in Resources */,
				FBCCF74723B7D7BA006AFF8A /* Assets.xcassets in Resources */,
				FBCCF74223B7D7B9006AFF8A /* Main.storyboard in Resources */,
			);
			runOnlyForDeploymentPostprocessing = 0;
		};
/* End PBXResourcesBuildPhase section */

/* Begin PBXSourcesBuildPhase section */
		FBCCF73323B7D7B9006AFF8A /* Sources */ = {
			isa = PBXSourcesBuildPhase;
			buildActionMask = 2147483647;
			files = (
				FBCCF75723B7DF6B006AFF8A /* CoreDataStack.swift in Sources */,
				FBCCF75523B7DEFB006AFF8A /* RemindersViewController.swift in Sources */,
				FBCCF74523B7D7B9006AFF8A /* ProximityReminders.xcdatamodeld in Sources */,
				FBCCF73B23B7D7B9006AFF8A /* AppDelegate.swift in Sources */,
				FBCCF73D23B7D7B9006AFF8A /* SceneDelegate.swift in Sources */,
			);
			runOnlyForDeploymentPostprocessing = 0;
		};
/* End PBXSourcesBuildPhase section */

/* Begin PBXVariantGroup section */
		FBCCF74023B7D7B9006AFF8A /* Main.storyboard */ = {
			isa = PBXVariantGroup;
			children = (
				FBCCF74123B7D7B9006AFF8A /* Base */,
			);
			name = Main.storyboard;
			sourceTree = "<group>";
		};
		FBCCF74823B7D7BA006AFF8A /* LaunchScreen.storyboard */ = {
			isa = PBXVariantGroup;
			children = (
				FBCCF74923B7D7BA006AFF8A /* Base */,
			);
			name = LaunchScreen.storyboard;
			sourceTree = "<group>";
		};
/* End PBXVariantGroup section */

/* Begin XCBuildConfiguration section */
		FBCCF74C23B7D7BA006AFF8A /* Debug */ = {
			isa = XCBuildConfiguration;
			buildSettings = {
				ALWAYS_SEARCH_USER_PATHS = NO;
				CLANG_ANALYZER_NONNULL = YES;
				CLANG_ANALYZER_NUMBER_OBJECT_CONVERSION = YES_AGGRESSIVE;
				CLANG_CXX_LANGUAGE_STANDARD = "gnu++14";
				CLANG_CXX_LIBRARY = "libc++";
				CLANG_ENABLE_MODULES = YES;
				CLANG_ENABLE_OBJC_ARC = YES;
				CLANG_ENABLE_OBJC_WEAK = YES;
				CLANG_WARN_BLOCK_CAPTURE_AUTORELEASING = YES;
				CLANG_WARN_BOOL_CONVERSION = YES;
				CLANG_WARN_COMMA = YES;
				CLANG_WARN_CONSTANT_CONVERSION = YES;
				CLANG_WARN_DEPRECATED_OBJC_IMPLEMENTATIONS = YES;
				CLANG_WARN_DIRECT_OBJC_ISA_USAGE = YES_ERROR;
				CLANG_WARN_DOCUMENTATION_COMMENTS = YES;
				CLANG_WARN_EMPTY_BODY = YES;
				CLANG_WARN_ENUM_CONVERSION = YES;
				CLANG_WARN_INFINITE_RECURSION = YES;
				CLANG_WARN_INT_CONVERSION = YES;
				CLANG_WARN_NON_LITERAL_NULL_CONVERSION = YES;
				CLANG_WARN_OBJC_IMPLICIT_RETAIN_SELF = YES;
				CLANG_WARN_OBJC_LITERAL_CONVERSION = YES;
				CLANG_WARN_OBJC_ROOT_CLASS = YES_ERROR;
				CLANG_WARN_RANGE_LOOP_ANALYSIS = YES;
				CLANG_WARN_STRICT_PROTOTYPES = YES;
				CLANG_WARN_SUSPICIOUS_MOVE = YES;
				CLANG_WARN_UNGUARDED_AVAILABILITY = YES_AGGRESSIVE;
				CLANG_WARN_UNREACHABLE_CODE = YES;
				CLANG_WARN__DUPLICATE_METHOD_MATCH = YES;
				COPY_PHASE_STRIP = NO;
				DEBUG_INFORMATION_FORMAT = dwarf;
				ENABLE_STRICT_OBJC_MSGSEND = YES;
				ENABLE_TESTABILITY = YES;
				GCC_C_LANGUAGE_STANDARD = gnu11;
				GCC_DYNAMIC_NO_PIC = NO;
				GCC_NO_COMMON_BLOCKS = YES;
				GCC_OPTIMIZATION_LEVEL = 0;
				GCC_PREPROCESSOR_DEFINITIONS = (
					"DEBUG=1",
					"$(inherited)",
				);
				GCC_WARN_64_TO_32_BIT_CONVERSION = YES;
				GCC_WARN_ABOUT_RETURN_TYPE = YES_ERROR;
				GCC_WARN_UNDECLARED_SELECTOR = YES;
				GCC_WARN_UNINITIALIZED_AUTOS = YES_AGGRESSIVE;
				GCC_WARN_UNUSED_FUNCTION = YES;
				GCC_WARN_UNUSED_VARIABLE = YES;
				IPHONEOS_DEPLOYMENT_TARGET = 13.2;
				MTL_ENABLE_DEBUG_INFO = INCLUDE_SOURCE;
				MTL_FAST_MATH = YES;
				ONLY_ACTIVE_ARCH = YES;
				SDKROOT = iphoneos;
				SWIFT_ACTIVE_COMPILATION_CONDITIONS = DEBUG;
				SWIFT_OPTIMIZATION_LEVEL = "-Onone";
			};
			name = Debug;
		};
		FBCCF74D23B7D7BA006AFF8A /* Release */ = {
			isa = XCBuildConfiguration;
			buildSettings = {
				ALWAYS_SEARCH_USER_PATHS = NO;
				CLANG_ANALYZER_NONNULL = YES;
				CLANG_ANALYZER_NUMBER_OBJECT_CONVERSION = YES_AGGRESSIVE;
				CLANG_CXX_LANGUAGE_STANDARD = "gnu++14";
				CLANG_CXX_LIBRARY = "libc++";
				CLANG_ENABLE_MODULES = YES;
				CLANG_ENABLE_OBJC_ARC = YES;
				CLANG_ENABLE_OBJC_WEAK = YES;
				CLANG_WARN_BLOCK_CAPTURE_AUTORELEASING = YES;
				CLANG_WARN_BOOL_CONVERSION = YES;
				CLANG_WARN_COMMA = YES;
				CLANG_WARN_CONSTANT_CONVERSION = YES;
				CLANG_WARN_DEPRECATED_OBJC_IMPLEMENTATIONS = YES;
				CLANG_WARN_DIRECT_OBJC_ISA_USAGE = YES_ERROR;
				CLANG_WARN_DOCUMENTATION_COMMENTS = YES;
				CLANG_WARN_EMPTY_BODY = YES;
				CLANG_WARN_ENUM_CONVERSION = YES;
				CLANG_WARN_INFINITE_RECURSION = YES;
				CLANG_WARN_INT_CONVERSION = YES;
				CLANG_WARN_NON_LITERAL_NULL_CONVERSION = YES;
				CLANG_WARN_OBJC_IMPLICIT_RETAIN_SELF = YES;
				CLANG_WARN_OBJC_LITERAL_CONVERSION = YES;
				CLANG_WARN_OBJC_ROOT_CLASS = YES_ERROR;
				CLANG_WARN_RANGE_LOOP_ANALYSIS = YES;
				CLANG_WARN_STRICT_PROTOTYPES = YES;
				CLANG_WARN_SUSPICIOUS_MOVE = YES;
				CLANG_WARN_UNGUARDED_AVAILABILITY = YES_AGGRESSIVE;
				CLANG_WARN_UNREACHABLE_CODE = YES;
				CLANG_WARN__DUPLICATE_METHOD_MATCH = YES;
				COPY_PHASE_STRIP = NO;
				DEBUG_INFORMATION_FORMAT = "dwarf-with-dsym";
				ENABLE_NS_ASSERTIONS = NO;
				ENABLE_STRICT_OBJC_MSGSEND = YES;
				GCC_C_LANGUAGE_STANDARD = gnu11;
				GCC_NO_COMMON_BLOCKS = YES;
				GCC_WARN_64_TO_32_BIT_CONVERSION = YES;
				GCC_WARN_ABOUT_RETURN_TYPE = YES_ERROR;
				GCC_WARN_UNDECLARED_SELECTOR = YES;
				GCC_WARN_UNINITIALIZED_AUTOS = YES_AGGRESSIVE;
				GCC_WARN_UNUSED_FUNCTION = YES;
				GCC_WARN_UNUSED_VARIABLE = YES;
				IPHONEOS_DEPLOYMENT_TARGET = 13.2;
				MTL_ENABLE_DEBUG_INFO = NO;
				MTL_FAST_MATH = YES;
				SDKROOT = iphoneos;
				SWIFT_COMPILATION_MODE = wholemodule;
				SWIFT_OPTIMIZATION_LEVEL = "-O";
				VALIDATE_PRODUCT = YES;
			};
			name = Release;
		};
		FBCCF74F23B7D7BA006AFF8A /* Debug */ = {
			isa = XCBuildConfiguration;
			buildSettings = {
				ASSETCATALOG_COMPILER_APPICON_NAME = AppIcon;
				CODE_SIGN_STYLE = Automatic;
				DEVELOPMENT_TEAM = 7CJ2GPQHZ8;
				INFOPLIST_FILE = ProximityReminders/Info.plist;
				LD_RUNPATH_SEARCH_PATHS = (
					"$(inherited)",
					"@executable_path/Frameworks",
				);
				PRODUCT_BUNDLE_IDENTIFIER = com.andrewcgraves.ProximityReminders;
				PRODUCT_NAME = "$(TARGET_NAME)";
				SWIFT_VERSION = 5.0;
				TARGETED_DEVICE_FAMILY = "1,2";
			};
			name = Debug;
		};
		FBCCF75023B7D7BA006AFF8A /* Release */ = {
			isa = XCBuildConfiguration;
			buildSettings = {
				ASSETCATALOG_COMPILER_APPICON_NAME = AppIcon;
				CODE_SIGN_STYLE = Automatic;
				DEVELOPMENT_TEAM = 7CJ2GPQHZ8;
				INFOPLIST_FILE = ProximityReminders/Info.plist;
				LD_RUNPATH_SEARCH_PATHS = (
					"$(inherited)",
					"@executable_path/Frameworks",
				);
				PRODUCT_BUNDLE_IDENTIFIER = com.andrewcgraves.ProximityReminders;
				PRODUCT_NAME = "$(TARGET_NAME)";
				SWIFT_VERSION = 5.0;
				TARGETED_DEVICE_FAMILY = "1,2";
			};
			name = Release;
		};
/* End XCBuildConfiguration section */

/* Begin XCConfigurationList section */
		FBCCF73223B7D7B9006AFF8A /* Build configuration list for PBXProject "ProximityReminders" */ = {
			isa = XCConfigurationList;
			buildConfigurations = (
				FBCCF74C23B7D7BA006AFF8A /* Debug */,
				FBCCF74D23B7D7BA006AFF8A /* Release */,
			);
			defaultConfigurationIsVisible = 0;
			defaultConfigurationName = Release;
		};
		FBCCF74E23B7D7BA006AFF8A /* Build configuration list for PBXNativeTarget "ProximityReminders" */ = {
			isa = XCConfigurationList;
			buildConfigurations = (
				FBCCF74F23B7D7BA006AFF8A /* Debug */,
				FBCCF75023B7D7BA006AFF8A /* Release */,
			);
			defaultConfigurationIsVisible = 0;
			defaultConfigurationName = Release;
		};
/* End XCConfigurationList section */

/* Begin XCVersionGroup section */
		FBCCF74323B7D7B9006AFF8A /* ProximityReminders.xcdatamodeld */ = {
			isa = XCVersionGroup;
			children = (
				FBCCF74423B7D7B9006AFF8A /* ProximityReminders.xcdatamodel */,
			);
			currentVersion = FBCCF74423B7D7B9006AFF8A /* ProximityReminders.xcdatamodel */;
			path = ProximityReminders.xcdatamodeld;
			sourceTree = "<group>";
			versionGroupType = wrapper.xcdatamodel;
		};
/* End XCVersionGroup section */
	};
	rootObject = FBCCF72F23B7D7B9006AFF8A /* Project object */;
}
